
Microsoft Visual Studio Solution File, Format Version 10.00
# Visual Studio 2008
Project("{FAE04EC0-301F-11D3-BF4B-00C04F79EFBC}") = "ChannelAdvisor", "ChannelAdvisor.csproj", "{79CC2639-4CE5-41B2-9138-6EAE66F38B39}"
EndProject
Global
	GlobalSection(SolutionConfigurationPlatforms) = preSolution
		Debug|Any CPU = Debug|Any CPU
		Release|Any CPU = Release|Any CPU
	EndGlobalSection
	GlobalSection(ProjectConfigurationPlatforms) = postSolution
		{79CC2639-4CE5-41B2-9138-6EAE66F38B39}.Debug|Any CPU.ActiveCfg = Debug|Any CPU
		{79CC2639-4CE5-41B2-9138-6EAE66F38B39}.Debug|Any CPU.Build.0 = Debug|Any CPU
		{79CC2639-4CE5-41B2-9138-6EAE66F38B39}.Release|Any CPU.ActiveCfg = Release|Any CPU
		{79CC2639-4CE5-41B2-9138-6EAE66F38B39}.Release|Any CPU.Build.0 = Release|Any CPU
	EndGlobalSection
	GlobalSection(SolutionProperties) = preSolution
		HideSolutionNode = FALSE
	EndGlobalSection
EndGlobal
